
Microsoft Visual Studio Solution File, Format Version 12.00
# Visual Studio 15
Project("{FAE04EC0-301F-11D3-BF4B-00C04F79EFBC}") = "AzureServiceBus-Sender", "AzureServiceBus-Sender\AzureServiceBus-Sender.csproj", "{8882449F-5C12-40DA-8A49-FD20BDD727FC}"
EndProject
Project("{FAE04EC0-301F-11D3-BF4B-00C04F79EFBC}") = "ServiceBus-WebApp", "ServiceBus-WebApp\ServiceBus-WebApp.csproj", "{3860C392-B849-4B6C-98C7-E64535C745D0}"
EndProject
Global
	GlobalSection(SolutionConfigurationPlatforms) = preSolution
		Debug|Any CPU = Debug|Any CPU
		Release|Any CPU = Release|Any CPU
	EndGlobalSection
	GlobalSection(ProjectConfigurationPlatforms) = postSolution
		{8882449F-5C12-40DA-8A49-FD20BDD727FC}.Debug|Any CPU.ActiveCfg = Debug|Any CPU
		{8882449F-5C12-40DA-8A49-FD20BDD727FC}.Debug|Any CPU.Build.0 = Debug|Any CPU
		{8882449F-5C12-40DA-8A49-FD20BDD727FC}.Release|Any CPU.ActiveCfg = Release|Any CPU
		{8882449F-5C12-40DA-8A49-FD20BDD727FC}.Release|Any CPU.Build.0 = Release|Any CPU
		{3860C392-B849-4B6C-98C7-E64535C745D0}.Debug|Any CPU.ActiveCfg = Debug|Any CPU
		{3860C392-B849-4B6C-98C7-E64535C745D0}.Debug|Any CPU.Build.0 = Debug|Any CPU
		{3860C392-B849-4B6C-98C7-E64535C745D0}.Release|Any CPU.ActiveCfg = Release|Any CPU
		{3860C392-B849-4B6C-98C7-E64535C745D0}.Release|Any CPU.Build.0 = Release|Any CPU
	EndGlobalSection
EndGlobal
